{
  "name": "ro-http-server",
  "version": "0.0.0",
  "lockfileVersion": 1,
  "requires": true,
  "dependencies": {
    "@types/color-name": {
      "version": "1.1.1",
      "resolved": "https://r.cnpmjs.org/@types/color-name/download/@types/color-name-1.1.1.tgz",
      "integrity": "sha1-HBJhu+qhCoBVu8XYq4S3sq/IRqA="
    },
    "ansi-styles": {
      "version": "4.2.1",
      "resolved": "http://r.cnpmjs.org/ansi-styles/download/ansi-styles-4.2.1.tgz",
      "integrity": "sha1-kK51xCTQCNJiTFvynq0xd+v881k=",
      "requires": {
        "@types/color-name": "^1.1.1",
        "color-convert": "^2.0.1"
      }
    },
    "chalk": {
      "version": "4.1.0",
      "resolved": "https://r.cnpmjs.org/chalk/download/chalk-4.1.0.tgz",
      "integrity": "sha1-ThSHCmGNni7dl92DRf2dncMVZGo=",
      "requires": {
        "ansi-styles": "^4.1.0",
        "supports-color": "^7.1.0"
      }
    },
    "color-convert": {
      "version": "2.0.1",
      "resolved": "http://r.cnpmjs.org/color-convert/download/color-convert-2.0.1.tgz",
      "integrity": "sha1-ctOmjVmMm9s68q0ehPIdiWq9TeM=",
      "requires": {
        "color-name": "~1.1.4"
      }
    },
    "color-name": {
      "version": "1.1.4",
      "resolved": "http://r.cnpmjs.org/color-name/download/color-name-1.1.4.tgz",
      "integrity": "sha1-wqCah6y95pVD3m9j+jmVyCbFNqI="
    },
    "commander": {
      "version": "5.1.0",
      "resolved": "https://r.cnpmjs.org/commander/download/commander-5.1.0.tgz",
      "integrity": "sha1-Rqu9FlL44Fm92u+Zu9yyrZzxea4="
    },
    "debug": {
      "version": "4.1.1",
      "resolved": "https://r.cnpmjs.org/debug/download/debug-4.1.1.tgz",
      "integrity": "sha1-O3ImAlUQnGtYnO4FDx1RYTlmR5E=",
      "requires": {
        "ms": "^2.1.1"
      }
    },
    "handlebars": {
      "version": "4.7.6",
      "resolved": "https://r.cnpmjs.org/handlebars/download/handlebars-4.7.6.tgz",
      "integrity": "sha1-1MBcG6+Q6ZRfd6pop6IZqkp9904=",
      "requires": {
        "minimist": "^1.2.5",
        "neo-async": "^2.6.0",
        "source-map": "^0.6.1",
        "uglify-js": "^3.1.4",
        "wordwrap": "^1.0.0"
      }
    },
    "has-flag": {
      "version": "4.0.0",
      "resolved": "http://r.cnpmjs.org/has-flag/download/has-flag-4.0.0.tgz",
      "integrity": "sha1-lEdx/ZyByBJlxNaUGGDaBrtZR5s="
    },
    "minimist": {
      "version": "1.2.5",
      "resolved": "https://r.cnpmjs.org/minimist/download/minimist-1.2.5.tgz",
      "integrity": "sha1-Z9ZgFLZqaoqqDAg8X9WN9OTpdgI="
    },
    "ms": {
      "version": "2.1.2",
      "resolved": "http://r.cnpmjs.org/ms/download/ms-2.1.2.tgz",
      "integrity": "sha1-0J0fNXtEP0kzgqjrPM0YOHKuYAk="
    },
    "neo-async": {
      "version": "2.6.1",
      "resolved": "https://r.cnpmjs.org/neo-async/download/neo-async-2.6.1.tgz",
      "integrity": "sha1-rCetpmFn+ohJpq3dg39rGJrSCBw="
    },
    "source-map": {
      "version": "0.6.1",
      "resolved": "http://r.cnpmjs.org/source-map/download/source-map-0.6.1.tgz",
      "integrity": "sha1-dHIq8y6WFOnCh6jQu95IteLxomM="
    },
    "supports-color": {
      "version": "7.1.0",
      "resolved": "http://r.cnpmjs.org/supports-color/download/supports-color-7.1.0.tgz",
      "integrity": "sha1-aOMlkd9z4lrRxLSRCKLsUHliv9E=",
      "requires": {
        "has-flag": "^4.0.0"
      }
    },
    "uglify-js": {
      "version": "3.9.4",
      "resolved": "https://r.cnpmjs.org/uglify-js/download/uglify-js-3.9.4.tgz",
      "integrity": "sha1-hnQCN34EPB/HsQIlOiK2TlhiQBs=",
      "optional": true,
      "requires": {
        "commander": "~2.20.3"
      },
      "dependencies": {
        "commander": {
          "version": "2.20.3",
          "resolved": "https://r.cnpmjs.org/commander/download/commander-2.20.3.tgz",
          "integrity": "sha1-/UhehMA+tIgcIHIrpIA16FMa6zM=",
          "optional": true
        }
      }
    },
    "wordwrap": {
      "version": "1.0.0",
      "resolved": "https://r.cnpmjs.org/wordwrap/download/wordwrap-1.0.0.tgz",
      "integrity": "sha1-J1hIEIkUVqQXHI0CJkQa3pDLyus="
    }
  }
}
